
Microsoft Visual Studio Solution File, Format Version 12.00
# Visual Studio Version 17
VisualStudioVersion = 17.0.32014.148
MinimumVisualStudioVersion = 10.0.40219.1
Project("{9A19103F-16F7-4668-BE54-9A1E7A4F7556}") = "MudBlazor.Markdown", "src\MudBlazor.Markdown\MudBlazor.Markdown.csproj", "{D98CF970-15A6-4174-9180-FD5BACA76BDD}"
EndProject
Project("{9A19103F-16F7-4668-BE54-9A1E7A4F7556}") = "MudBlazor.Markdown.Tests", "tests\MudBlazor.Markdown.Tests\MudBlazor.Markdown.Tests.csproj", "{CEE74ADB-80A4-4011-A2C6-68EB7902409A}"
EndProject
Project("{FAE04EC0-301F-11D3-BF4B-00C04F79EFBC}") = "MudBlazor.Markdown.Benchmarks", "benchmarks\MudBlazor.Markdown.Benchmarks\MudBlazor.Markdown.Benchmarks.csproj", "{F9210A1D-E13C-4805-A080-77DCB9B047CA}"
EndProject
Project("{2150E333-8FDC-42A3-9474-1A3956D46DE8}") = "Benchmarks", "Benchmarks", "{014FA7C1-7652-4A13-8BBB-A5CD8B97FB94}"
EndProject
Global
	GlobalSection(SolutionConfigurationPlatforms) = preSolution
		Debug|Any CPU = Debug|Any CPU
		Release|Any CPU = Release|Any CPU
	EndGlobalSection
	GlobalSection(ProjectConfigurationPlatforms) = postSolution
		{D98CF970-15A6-4174-9180-FD5BACA76BDD}.Debug|Any CPU.ActiveCfg = Debug|Any CPU
		{D98CF970-15A6-4174-9180-FD5BACA76BDD}.Debug|Any CPU.Build.0 = Debug|Any CPU
		{D98CF970-15A6-4174-9180-FD5BACA76BDD}.Release|Any CPU.ActiveCfg = Release|Any CPU
		{D98CF970-15A6-4174-9180-FD5BACA76BDD}.Release|Any CPU.Build.0 = Release|Any CPU
		{CEE74ADB-80A4-4011-A2C6-68EB7902409A}.Debug|Any CPU.ActiveCfg = Debug|Any CPU
		{CEE74ADB-80A4-4011-A2C6-68EB7902409A}.Debug|Any CPU.Build.0 = Debug|Any CPU
		{CEE74ADB-80A4-4011-A2C6-68EB7902409A}.Release|Any CPU.ActiveCfg = Release|Any CPU
		{CEE74ADB-80A4-4011-A2C6-68EB7902409A}.Release|Any CPU.Build.0 = Release|Any CPU
		{F9210A1D-E13C-4805-A080-77DCB9B047CA}.Debug|Any CPU.ActiveCfg = Debug|Any CPU
		{F9210A1D-E13C-4805-A080-77DCB9B047CA}.Debug|Any CPU.Build.0 = Debug|Any CPU
		{F9210A1D-E13C-4805-A080-77DCB9B047CA}.Release|Any CPU.ActiveCfg = Release|Any CPU
		{F9210A1D-E13C-4805-A080-77DCB9B047CA}.Release|Any CPU.Build.0 = Release|Any CPU
	EndGlobalSection
	GlobalSection(SolutionProperties) = preSolution
		HideSolutionNode = FALSE
	EndGlobalSection
	GlobalSection(ExtensibilityGlobals) = postSolution
		SolutionGuid = {8C5169D9-A38F-464C-88CE-F13FDCD37404}
	EndGlobalSection
	GlobalSection(NestedProjects) = preSolution
		{F9210A1D-E13C-4805-A080-77DCB9B047CA} = {014FA7C1-7652-4A13-8BBB-A5CD8B97FB94}
	EndGlobalSection
EndGlobal
