
Microsoft Visual Studio Solution File, Format Version 12.00
# Visual Studio Version 16
VisualStudioVersion = 16.0.31229.75
MinimumVisualStudioVersion = 10.0.40219.1
Project("{9A19103F-16F7-4668-BE54-9A1E7A4F7556}") = "MudBlazor.Markdown", "src\MudBlazor.Markdown\MudBlazor.Markdown.csproj", "{D98CF970-15A6-4174-9180-FD5BACA76BDD}"
EndProject
Project("{9A19103F-16F7-4668-BE54-9A1E7A4F7556}") = "MudBlazor.Markdown.Tests", "tests\MudBlazor.Markdown.Tests\MudBlazor.Markdown.Tests.csproj", "{CEE74ADB-80A4-4011-A2C6-68EB7902409A}"
EndProject
Global
	GlobalSection(SolutionConfigurationPlatforms) = preSolution
		Debug|Any CPU = Debug|Any CPU
		Release|Any CPU = Release|Any CPU
	EndGlobalSection
	GlobalSection(ProjectConfigurationPlatforms) = postSolution
		{D98CF970-15A6-4174-9180-FD5BACA76BDD}.Debug|Any CPU.ActiveCfg = Debug|Any CPU
		{D98CF970-15A6-4174-9180-FD5BACA76BDD}.Debug|Any CPU.Build.0 = Debug|Any CPU
		{D98CF970-15A6-4174-9180-FD5BACA76BDD}.Release|Any CPU.ActiveCfg = Release|Any CPU
		{D98CF970-15A6-4174-9180-FD5BACA76BDD}.Release|Any CPU.Build.0 = Release|Any CPU
		{CEE74ADB-80A4-4011-A2C6-68EB7902409A}.Debug|Any CPU.ActiveCfg = Debug|Any CPU
		{CEE74ADB-80A4-4011-A2C6-68EB7902409A}.Debug|Any CPU.Build.0 = Debug|Any CPU
		{CEE74ADB-80A4-4011-A2C6-68EB7902409A}.Release|Any CPU.ActiveCfg = Release|Any CPU
		{CEE74ADB-80A4-4011-A2C6-68EB7902409A}.Release|Any CPU.Build.0 = Release|Any CPU
	EndGlobalSection
	GlobalSection(SolutionProperties) = preSolution
		HideSolutionNode = FALSE
	EndGlobalSection
	GlobalSection(ExtensibilityGlobals) = postSolution
		SolutionGuid = {8C5169D9-A38F-464C-88CE-F13FDCD37404}
	EndGlobalSection
EndGlobal
